// !$*UTF8*$!
{
	archiveVersion = 1;
	classes = {
	};
	objectVersion = 46;
	objects = {

/* Begin PBXBuildFile section */
		2D357F291A87DEB900505E5D /* main.m in Sources */ = {isa = PBXBuildFile; fileRef = 2D357F281A87DEB900505E5D /* main.m */; };
		2D357F2C1A87DEB900505E5D /* AppDelegate.m in Sources */ = {isa = PBXBuildFile; fileRef = 2D357F2B1A87DEB900505E5D /* AppDelegate.m */; };
		2D357F2F1A87DEB900505E5D /* ViewController.m in Sources */ = {isa = PBXBuildFile; fileRef = 2D357F2E1A87DEB900505E5D /* ViewController.m */; };
		2D357F321A87DEB900505E5D /* Main.storyboard in Resources */ = {isa = PBXBuildFile; fileRef = 2D357F301A87DEB900505E5D /* Main.storyboard */; };
		2D357F341A87DEB900505E5D /* Images.xcassets in Resources */ = {isa = PBXBuildFile; fileRef = 2D357F331A87DEB900505E5D /* Images.xcassets */; };
		2D357F371A87DEB900505E5D /* LaunchScreen.xib in Resources */ = {isa = PBXBuildFile; fileRef = 2D357F351A87DEB900505E5D /* LaunchScreen.xib */; };
		2D357F431A87DEBA00505E5D /* White_collarTests.m in Sources */ = {isa = PBXBuildFile; fileRef = 2D357F421A87DEBA00505E5D /* White_collarTests.m */; };
/* End PBXBuildFile section */

/* Begin PBXContainerItemProxy section */
		2D357F3D1A87DEBA00505E5D /* PBXContainerItemProxy */ = {
			isa = PBXContainerItemProxy;
			containerPortal = 2D357F1B1A87DEB900505E5D /* Project object */;
			proxyType = 1;
			remoteGlobalIDString = 2D357F221A87DEB900505E5D;
			remoteInfo = "White collar";
		};
/* End PBXContainerItemProxy section */

/* Begin PBXFileReference section */
		2D357F231A87DEB900505E5D /* White collar.app */ = {isa = PBXFileReference; explicitFileType = wrapper.application; includeInIndex = 0; path = "White collar.app"; sourceTree = BUILT_PRODUCTS_DIR; };
		2D357F271A87DEB900505E5D /* Info.plist */ = {isa = PBXFileReference; lastKnownFileType = text.plist.xml; path = Info.plist; sourceTree = "<group>"; };
		2D357F281A87DEB900505E5D /* main.m */ = {isa = PBXFileReference; lastKnownFileType = sourcecode.c.objc; path = main.m; sourceTree = "<group>"; };
		2D357F2A1A87DEB900505E5D /* AppDelegate.h */ = {isa = PBXFileReference; lastKnownFileType = sourcecode.c.h; path = AppDelegate.h; sourceTree = "<group>"; };
		2D357F2B1A87DEB900505E5D /* AppDelegate.m */ = {isa = PBXFileReference; lastKnownFileType = sourcecode.c.objc; path = AppDelegate.m; sourceTree = "<group>"; };
		2D357F2D1A87DEB900505E5D /* ViewController.h */ = {isa = PBXFileReference; lastKnownFileType = sourcecode.c.h; path = ViewController.h; sourceTree = "<group>"; };
		2D357F2E1A87DEB900505E5D /* ViewController.m */ = {isa = PBXFileReference; lastKnownFileType = sourcecode.c.objc; path = ViewController.m; sourceTree = "<group>"; };
		2D357F311A87DEB900505E5D /* Base */ = {isa = PBXFileReference; lastKnownFileType = file.storyboard; name = Base; path = Base.lproj/Main.storyboard; sourceTree = "<group>"; };
		2D357F331A87DEB900505E5D /* Images.xcassets */ = {isa = PBXFileReference; lastKnownFileType = folder.assetcatalog; path = Images.xcassets; sourceTree = "<group>"; };
		2D357F361A87DEB900505E5D /* Base */ = {isa = PBXFileReference; lastKnownFileType = file.xib; name = Base; path = Base.lproj/LaunchScreen.xib; sourceTree = "<group>"; };
		2D357F3C1A87DEBA00505E5D /* White collarTests.xctest */ = {isa = PBXFileReference; explicitFileType = wrapper.cfbundle; includeInIndex = 0; path = "White collarTests.xctest"; sourceTree = BUILT_PRODUCTS_DIR; };
		2D357F411A87DEBA00505E5D /* Info.plist */ = {isa = PBXFileReference; lastKnownFileType = text.plist.xml; path = Info.plist; sourceTree = "<group>"; };
		2D357F421A87DEBA00505E5D /* White_collarTests.m */ = {isa = PBXFileReference; lastKnownFileType = sourcecode.c.objc; path = White_collarTests.m; sourceTree = "<group>"; };
/* End PBXFileReference section */

/* Begin PBXFrameworksBuildPhase section */
		2D357F201A87DEB900505E5D /* Frameworks */ = {
			isa = PBXFrameworksBuildPhase;
			buildActionMask = 2147483647;
			files = (
			);
			runOnlyForDeploymentPostprocessing = 0;
		};
		2D357F391A87DEBA00505E5D /* Frameworks */ = {
			isa = PBXFrameworksBuildPhase;
			buildActionMask = 2147483647;
			files = (
			);
			runOnlyForDeploymentPostprocessing = 0;
		};
/* End PBXFrameworksBuildPhase section */

/* Begin PBXGroup section */
		2D357F1A1A87DEB900505E5D = {
			isa = PBXGroup;
			children = (
				2D357F251A87DEB900505E5D /* White collar */,
				2D357F3F1A87DEBA00505E5D /* White collarTests */,
				2D357F241A87DEB900505E5D /* Products */,
			);
			sourceTree = "<group>";
		};
		2D357F241A87DEB900505E5D /* Products */ = {
			isa = PBXGroup;
			children = (
				2D357F231A87DEB900505E5D /* White collar.app */,
				2D357F3C1A87DEBA00505E5D /* White collarTests.xctest */,
			);
			name = Products;
			sourceTree = "<group>";
		};
		2D357F251A87DEB900505E5D /* White collar */ = {
			isa = PBXGroup;
			children = (
				2D357F2A1A87DEB900505E5D /* AppDelegate.h */,
				2D357F2B1A87DEB900505E5D /* AppDelegate.m */,
				2D357F2D1A87DEB900505E5D /* ViewController.h */,
				2D357F2E1A87DEB900505E5D /* ViewController.m */,
				2D357F301A87DEB900505E5D /* Main.storyboard */,
				2D357F331A87DEB900505E5D /* Images.xcassets */,
				2D357F351A87DEB900505E5D /* LaunchScreen.xib */,
				2D357F261A87DEB900505E5D /* Supporting Files */,
			);
			path = "White collar";
			sourceTree = "<group>";
		};
		2D357F261A87DEB900505E5D /* Supporting Files */ = {
			isa = PBXGroup;
			children = (
				2D357F271A87DEB900505E5D /* Info.plist */,
				2D357F281A87DEB900505E5D /* main.m */,
			);
			name = "Supporting Files";
			sourceTree = "<group>";
		};
		2D357F3F1A87DEBA00505E5D /* White collarTests */ = {
			isa = PBXGroup;
			children = (
				2D357F421A87DEBA00505E5D /* White_collarTests.m */,
				2D357F401A87DEBA00505E5D /* Supporting Files */,
			);
			path = "White collarTests";
			sourceTree = "<group>";
		};
		2D357F401A87DEBA00505E5D /* Supporting Files */ = {
			isa = PBXGroup;
			children = (
				2D357F411A87DEBA00505E5D /* Info.plist */,
			);
			name = "Supporting Files";
			sourceTree = "<group>";
		};
/* End PBXGroup section */

/* Begin PBXNativeTarget section */
		2D357F221A87DEB900505E5D /* White collar */ = {
			isa = PBXNativeTarget;
			buildConfigurationList = 2D357F461A87DEBA00505E5D /* Build configuration list for PBXNativeTarget "White collar" */;
			buildPhases = (
				2D357F1F1A87DEB900505E5D /* Sources */,
				2D357F201A87DEB900505E5D /* Frameworks */,
				2D357F211A87DEB900505E5D /* Resources */,
			);
			buildRules = (
			);
			dependencies = (
			);
			name = "White collar";
			productName = "White collar";
			productReference = 2D357F231A87DEB900505E5D /* White collar.app */;
			productType = "com.apple.product-type.application";
		};
		2D357F3B1A87DEBA00505E5D /* White collarTests */ = {
			isa = PBXNativeTarget;
			buildConfigurationList = 2D357F491A87DEBA00505E5D /* Build configuration list for PBXNativeTarget "White collarTests" */;
			buildPhases = (
				2D357F381A87DEBA00505E5D /* Sources */,
				2D357F391A87DEBA00505E5D /* Frameworks */,
				2D357F3A1A87DEBA00505E5D /* Resources */,
			);
			buildRules = (
			);
			dependencies = (
				2D357F3E1A87DEBA00505E5D /* PBXTargetDependency */,
			);
			name = "White collarTests";
			productName = "White collarTests";
			productReference = 2D357F3C1A87DEBA00505E5D /* White collarTests.xctest */;
			productType = "com.apple.product-type.bundle.unit-test";
		};
/* End PBXNativeTarget section */

/* Begin PBXProject section */
		2D357F1B1A87DEB900505E5D /* Project object */ = {
			isa = PBXProject;
			attributes = {
				LastUpgradeCheck = 0610;
				ORGANIZATIONNAME = "-";
				TargetAttributes = {
					2D357F221A87DEB900505E5D = {
						CreatedOnToolsVersion = 6.1.1;
					};
					2D357F3B1A87DEBA00505E5D = {
						CreatedOnToolsVersion = 6.1.1;
						TestTargetID = 2D357F221A87DEB900505E5D;
					};
				};
			};
			buildConfigurationList = 2D357F1E1A87DEB900505E5D /* Build configuration list for PBXProject "White collar" */;
			compatibilityVersion = "Xcode 3.2";
			developmentRegion = English;
			hasScannedForEncodings = 0;
			knownRegions = (
				en,
				Base,
			);
			mainGroup = 2D357F1A1A87DEB900505E5D;
			productRefGroup = 2D357F241A87DEB900505E5D /* Products */;
			projectDirPath = "";
			projectRoot = "";
			targets = (
				2D357F221A87DEB900505E5D /* White collar */,
				2D357F3B1A87DEBA00505E5D /* White collarTests */,
			);
		};
/* End PBXProject section */

/* Begin PBXResourcesBuildPhase section */
		2D357F211A87DEB900505E5D /* Resources */ = {
			isa = PBXResourcesBuildPhase;
			buildActionMask = 2147483647;
			files = (
				2D357F321A87DEB900505E5D /* Main.storyboard in Resources */,
				2D357F371A87DEB900505E5D /* LaunchScreen.xib in Resources */,
				2D357F341A87DEB900505E5D /* Images.xcassets in Resources */,
			);
			runOnlyForDeploymentPostprocessing = 0;
		};
		2D357F3A1A87DEBA00505E5D /* Resources */ = {
			isa = PBXResourcesBuildPhase;
			buildActionMask = 2147483647;
			files = (
			);
			runOnlyForDeploymentPostprocessing = 0;
		};
/* End PBXResourcesBuildPhase section */

/* Begin PBXSourcesBuildPhase section */
		2D357F1F1A87DEB900505E5D /* Sources */ = {
			isa = PBXSourcesBuildPhase;
			buildActionMask = 2147483647;
			files = (
				2D357F2F1A87DEB900505E5D /* ViewController.m in Sources */,
				2D357F2C1A87DEB900505E5D /* AppDelegate.m in Sources */,
				2D357F291A87DEB900505E5D /* main.m in Sources */,
			);
			runOnlyForDeploymentPostprocessing = 0;
		};
		2D357F381A87DEBA00505E5D /* Sources */ = {
			isa = PBXSourcesBuildPhase;
			buildActionMask = 2147483647;
			files = (
				2D357F431A87DEBA00505E5D /* White_collarTests.m in Sources */,
			);
			runOnlyForDeploymentPostprocessing = 0;
		};
/* End PBXSourcesBuildPhase section */

/* Begin PBXTargetDependency section */
		2D357F3E1A87DEBA00505E5D /* PBXTargetDependency */ = {
			isa = PBXTargetDependency;
			target = 2D357F221A87DEB900505E5D /* White collar */;
			targetProxy = 2D357F3D1A87DEBA00505E5D /* PBXContainerItemProxy */;
		};
/* End PBXTargetDependency section */

/* Begin PBXVariantGroup section */
		2D357F301A87DEB900505E5D /* Main.storyboard */ = {
			isa = PBXVariantGroup;
			children = (
				2D357F311A87DEB900505E5D /* Base */,
			);
			name = Main.storyboard;
			sourceTree = "<group>";
		};
		2D357F351A87DEB900505E5D /* LaunchScreen.xib */ = {
			isa = PBXVariantGroup;
			children = (
				2D357F361A87DEB900505E5D /* Base */,
			);
			name = LaunchScreen.xib;
			sourceTree = "<group>";
		};
/* End PBXVariantGroup section */

/* Begin XCBuildConfiguration section */
		2D357F441A87DEBA00505E5D /* Debug */ = {
			isa = XCBuildConfiguration;
			buildSettings = {
				ALWAYS_SEARCH_USER_PATHS = NO;
				CLANG_CXX_LANGUAGE_STANDARD = "gnu++0x";
				CLANG_CXX_LIBRARY = "libc++";
				CLANG_ENABLE_MODULES = YES;
				CLANG_ENABLE_OBJC_ARC = YES;
				CLANG_WARN_BOOL_CONVERSION = YES;
				CLANG_WARN_CONSTANT_CONVERSION = YES;
				CLANG_WARN_DIRECT_OBJC_ISA_USAGE = YES_ERROR;
				CLANG_WARN_EMPTY_BODY = YES;
				CLANG_WARN_ENUM_CONVERSION = YES;
				CLANG_WARN_INT_CONVERSION = YES;
				CLANG_WARN_OBJC_ROOT_CLASS = YES_ERROR;
				CLANG_WARN_UNREACHABLE_CODE = YES;
				CLANG_WARN__DUPLICATE_METHOD_MATCH = YES;
				"CODE_SIGN_IDENTITY[sdk=iphoneos*]" = "iPhone Developer";
				COPY_PHASE_STRIP = NO;
				ENABLE_STRICT_OBJC_MSGSEND = YES;
				GCC_C_LANGUAGE_STANDARD = gnu99;
				GCC_DYNAMIC_NO_PIC = NO;
				GCC_OPTIMIZATION_LEVEL = 0;
				GCC_PREPROCESSOR_DEFINITIONS = (
					"DEBUG=1",
					"$(inherited)",
				);
				GCC_SYMBOLS_PRIVATE_EXTERN = NO;
				GCC_WARN_64_TO_32_BIT_CONVERSION = YES;
				GCC_WARN_ABOUT_RETURN_TYPE = YES_ERROR;
				GCC_WARN_UNDECLARED_SELECTOR = YES;
				GCC_WARN_UNINITIALIZED_AUTOS = YES_AGGRESSIVE;
				GCC_WARN_UNUSED_FUNCTION = YES;
				GCC_WARN_UNUSED_VARIABLE = YES;
				IPHONEOS_DEPLOYMENT_TARGET = 8.1;
				MTL_ENABLE_DEBUG_INFO = YES;
				ONLY_ACTIVE_ARCH = YES;
				SDKROOT = iphoneos;
			};
			name = Debug;
		};
		2D357F451A87DEBA00505E5D /* Release */ = {
			isa = XCBuildConfiguration;
			buildSettings = {
				ALWAYS_SEARCH_USER_PATHS = NO;
				CLANG_CXX_LANGUAGE_STANDARD = "gnu++0x";
				CLANG_CXX_LIBRARY = "libc++";
				CLANG_ENABLE_MODULES = YES;
				CLANG_ENABLE_OBJC_ARC = YES;
				CLANG_WARN_BOOL_CONVERSION = YES;
				CLANG_WARN_CONSTANT_CONVERSION = YES;
				CLANG_WARN_DIRECT_OBJC_ISA_USAGE = YES_ERROR;
				CLANG_WARN_EMPTY_BODY = YES;
				CLANG_WARN_ENUM_CONVERSION = YES;
				CLANG_WARN_INT_CONVERSION = YES;
				CLANG_WARN_OBJC_ROOT_CLASS = YES_ERROR;
				CLANG_WARN_UNREACHABLE_CODE = YES;
				CLANG_WARN__DUPLICATE_METHOD_MATCH = YES;
				"CODE_SIGN_IDENTITY[sdk=iphoneos*]" = "iPhone Developer";
				COPY_PHASE_STRIP = YES;
				ENABLE_NS_ASSERTIONS = NO;
				ENABLE_STRICT_OBJC_MSGSEND = YES;
				GCC_C_LANGUAGE_STANDARD = gnu99;
				GCC_WARN_64_TO_32_BIT_CONVERSION = YES;
				GCC_WARN_ABOUT_RETURN_TYPE = YES_ERROR;
				GCC_WARN_UNDECLARED_SELECTOR = YES;
				GCC_WARN_UNINITIALIZED_AUTOS = YES_AGGRESSIVE;
				GCC_WARN_UNUSED_FUNCTION = YES;
				GCC_WARN_UNUSED_VARIABLE = YES;
				IPHONEOS_DEPLOYMENT_TARGET = 8.1;
				MTL_ENABLE_DEBUG_INFO = NO;
				SDKROOT = iphoneos;
				VALIDATE_PRODUCT = YES;
			};
			name = Release;
		};
		2D357F471A87DEBA00505E5D /* Debug */ = {
			isa = XCBuildConfiguration;
			buildSettings = {
				ASSETCATALOG_COMPILER_APPICON_NAME = AppIcon;
				INFOPLIST_FILE = "White collar/Info.plist";
				LD_RUNPATH_SEARCH_PATHS = "$(inherited) @executable_path/Frameworks";
				PRODUCT_NAME = "$(TARGET_NAME)";
			};
			name = Debug;
		};
		2D357F481A87DEBA00505E5D /* Release */ = {
			isa = XCBuildConfiguration;
			buildSettings = {
				ASSETCATALOG_COMPILER_APPICON_NAME = AppIcon;
				INFOPLIST_FILE = "White collar/Info.plist";
				LD_RUNPATH_SEARCH_PATHS = "$(inherited) @executable_path/Frameworks";
				PRODUCT_NAME = "$(TARGET_NAME)";
			};
			name = Release;
		};
		2D357F4A1A87DEBA00505E5D /* Debug */ = {
			isa = XCBuildConfiguration;
			buildSettings = {
				BUNDLE_LOADER = "$(TEST_HOST)";
				FRAMEWORK_SEARCH_PATHS = (
					"$(SDKROOT)/Developer/Library/Frameworks",
					"$(inherited)",
				);
				GCC_PREPROCESSOR_DEFINITIONS = (
					"DEBUG=1",
					"$(inherited)",
				);
				INFOPLIST_FILE = "White collarTests/Info.plist";
				LD_RUNPATH_SEARCH_PATHS = "$(inherited) @executable_path/Frameworks @loader_path/Frameworks";
				PRODUCT_NAME = "$(TARGET_NAME)";
				TEST_HOST = "$(BUILT_PRODUCTS_DIR)/White collar.app/White collar";
			};
			name = Debug;
		};
		2D357F4B1A87DEBA00505E5D /* Release */ = {
			isa = XCBuildConfiguration;
			buildSettings = {
				BUNDLE_LOADER = "$(TEST_HOST)";
				FRAMEWORK_SEARCH_PATHS = (
					"$(SDKROOT)/Developer/Library/Frameworks",
					"$(inherited)",
				);
				INFOPLIST_FILE = "White collarTests/Info.plist";
				LD_RUNPATH_SEARCH_PATHS = "$(inherited) @executable_path/Frameworks @loader_path/Frameworks";
				PRODUCT_NAME = "$(TARGET_NAME)";
				TEST_HOST = "$(BUILT_PRODUCTS_DIR)/White collar.app/White collar";
			};
			name = Release;
		};
/* End XCBuildConfiguration section */

/* Begin XCConfigurationList section */
		2D357F1E1A87DEB900505E5D /* Build configuration list for PBXProject "White collar" */ = {
			isa = XCConfigurationList;
			buildConfigurations = (
				2D357F441A87DEBA00505E5D /* Debug */,
				2D357F451A87DEBA00505E5D /* Release */,
			);
			defaultConfigurationIsVisible = 0;
			defaultConfigurationName = Release;
		};
		2D357F461A87DEBA00505E5D /* Build configuration list for PBXNativeTarget "White collar" */ = {
			isa = XCConfigurationList;
			buildConfigurations = (
				2D357F471A87DEBA00505E5D /* Debug */,
				2D357F481A87DEBA00505E5D /* Release */,
			);
			defaultConfigurationIsVisible = 0;
		};
		2D357F491A87DEBA00505E5D /* Build configuration list for PBXNativeTarget "White collarTests" */ = {
			isa = XCConfigurationList;
			buildConfigurations = (
				2D357F4A1A87DEBA00505E5D /* Debug */,
				2D357F4B1A87DEBA00505E5D /* Release */,
			);
			defaultConfigurationIsVisible = 0;
		};
/* End XCConfigurationList section */
	};
	rootObject = 2D357F1B1A87DEB900505E5D /* Project object */;
}
